
Microsoft Visual Studio Solution File, Format Version 12.00
# Visual Studio 15
VisualStudioVersion = 15.0.28307.329
MinimumVisualStudioVersion = 10.0.40219.1
Project("{FAE04EC0-301F-11D3-BF4B-00C04F79EFBC}") = "LiveChart", "LiveChart\LiveChart.csproj", "{B7D8780B-8A11-4700-A065-11EEC6DA711F}"
EndProject
Global
	GlobalSection(SolutionConfigurationPlatforms) = preSolution
		Debug|Any CPU = Debug|Any CPU
		Release|Any CPU = Release|Any CPU
	EndGlobalSection
	GlobalSection(ProjectConfigurationPlatforms) = postSolution
		{B7D8780B-8A11-4700-A065-11EEC6DA711F}.Debug|Any CPU.ActiveCfg = Debug|Any CPU
		{B7D8780B-8A11-4700-A065-11EEC6DA711F}.Debug|Any CPU.Build.0 = Debug|Any CPU
		{B7D8780B-8A11-4700-A065-11EEC6DA711F}.Release|Any CPU.ActiveCfg = Release|Any CPU
		{B7D8780B-8A11-4700-A065-11EEC6DA711F}.Release|Any CPU.Build.0 = Release|Any CPU
	EndGlobalSection
	GlobalSection(SolutionProperties) = preSolution
		HideSolutionNode = FALSE
	EndGlobalSection
	GlobalSection(ExtensibilityGlobals) = postSolution
		SolutionGuid = {F382B8C8-F02F-4898-AC44-EECA0C00782C}
	EndGlobalSection
EndGlobal
